
Microsoft Visual Studio Solution File, Format Version 12.00
# Visual Studio Version 16
VisualStudioVersion = 16.0.31911.196
MinimumVisualStudioVersion = 10.0.40219.1
Project("{8BC9CEB8-8B4A-11D0-8D11-00A0C91BC942}") = "Class(Person)", "Class(Person)\Class(Person).vcxproj", "{B327AB93-B959-4854-AF44-7E2A83C621FF}"
EndProject
Global
	GlobalSection(SolutionConfigurationPlatforms) = preSolution
		Debug|x64 = Debug|x64
		Debug|x86 = Debug|x86
		Release|x64 = Release|x64
		Release|x86 = Release|x86
	EndGlobalSection
	GlobalSection(ProjectConfigurationPlatforms) = postSolution
		{B327AB93-B959-4854-AF44-7E2A83C621FF}.Debug|x64.ActiveCfg = Debug|x64
		{B327AB93-B959-4854-AF44-7E2A83C621FF}.Debug|x64.Build.0 = Debug|x64
		{B327AB93-B959-4854-AF44-7E2A83C621FF}.Debug|x86.ActiveCfg = Debug|Win32
		{B327AB93-B959-4854-AF44-7E2A83C621FF}.Debug|x86.Build.0 = Debug|Win32
		{B327AB93-B959-4854-AF44-7E2A83C621FF}.Release|x64.ActiveCfg = Release|x64
		{B327AB93-B959-4854-AF44-7E2A83C621FF}.Release|x64.Build.0 = Release|x64
		{B327AB93-B959-4854-AF44-7E2A83C621FF}.Release|x86.ActiveCfg = Release|Win32
		{B327AB93-B959-4854-AF44-7E2A83C621FF}.Release|x86.Build.0 = Release|Win32
	EndGlobalSection
	GlobalSection(SolutionProperties) = preSolution
		HideSolutionNode = FALSE
	EndGlobalSection
	GlobalSection(ExtensibilityGlobals) = postSolution
		SolutionGuid = {F4A1C019-8B94-444F-9610-A508834982C7}
	EndGlobalSection
EndGlobal
