
Microsoft Visual Studio Solution File, Format Version 12.00
# Visual Studio Version 16
VisualStudioVersion = 16.0.31911.196
MinimumVisualStudioVersion = 10.0.40219.1
Project("{8BC9CEB8-8B4A-11D0-8D11-00A0C91BC942}") = "Class(Garage_v2.5)", "Class(Garage_v2.5)\Class(Garage_v2.5).vcxproj", "{A69EAFB1-2C5A-4C32-A76C-B2BEB467707F}"
EndProject
Global
	GlobalSection(SolutionConfigurationPlatforms) = preSolution
		Debug|x64 = Debug|x64
		Debug|x86 = Debug|x86
		Release|x64 = Release|x64
		Release|x86 = Release|x86
	EndGlobalSection
	GlobalSection(ProjectConfigurationPlatforms) = postSolution
		{A69EAFB1-2C5A-4C32-A76C-B2BEB467707F}.Debug|x64.ActiveCfg = Debug|x64
		{A69EAFB1-2C5A-4C32-A76C-B2BEB467707F}.Debug|x64.Build.0 = Debug|x64
		{A69EAFB1-2C5A-4C32-A76C-B2BEB467707F}.Debug|x86.ActiveCfg = Debug|Win32
		{A69EAFB1-2C5A-4C32-A76C-B2BEB467707F}.Debug|x86.Build.0 = Debug|Win32
		{A69EAFB1-2C5A-4C32-A76C-B2BEB467707F}.Release|x64.ActiveCfg = Release|x64
		{A69EAFB1-2C5A-4C32-A76C-B2BEB467707F}.Release|x64.Build.0 = Release|x64
		{A69EAFB1-2C5A-4C32-A76C-B2BEB467707F}.Release|x86.ActiveCfg = Release|Win32
		{A69EAFB1-2C5A-4C32-A76C-B2BEB467707F}.Release|x86.Build.0 = Release|Win32
	EndGlobalSection
	GlobalSection(SolutionProperties) = preSolution
		HideSolutionNode = FALSE
	EndGlobalSection
	GlobalSection(ExtensibilityGlobals) = postSolution
		SolutionGuid = {70DDD3EA-4F4C-4FFA-AA83-1207BEAD96FB}
	EndGlobalSection
EndGlobal
