
Microsoft Visual Studio Solution File, Format Version 12.00
# Visual Studio Version 16
VisualStudioVersion = 16.0.31911.196
MinimumVisualStudioVersion = 10.0.40219.1
Project("{8BC9CEB8-8B4A-11D0-8D11-00A0C91BC942}") = "Class(Person+(Student))", "Class(Person+(Student))\Class(Person+(Student)).vcxproj", "{8509D838-E22D-4E1F-94B9-10283F6E60BE}"
EndProject
Global
	GlobalSection(SolutionConfigurationPlatforms) = preSolution
		Debug|x64 = Debug|x64
		Debug|x86 = Debug|x86
		Release|x64 = Release|x64
		Release|x86 = Release|x86
	EndGlobalSection
	GlobalSection(ProjectConfigurationPlatforms) = postSolution
		{8509D838-E22D-4E1F-94B9-10283F6E60BE}.Debug|x64.ActiveCfg = Debug|x64
		{8509D838-E22D-4E1F-94B9-10283F6E60BE}.Debug|x64.Build.0 = Debug|x64
		{8509D838-E22D-4E1F-94B9-10283F6E60BE}.Debug|x86.ActiveCfg = Debug|Win32
		{8509D838-E22D-4E1F-94B9-10283F6E60BE}.Debug|x86.Build.0 = Debug|Win32
		{8509D838-E22D-4E1F-94B9-10283F6E60BE}.Release|x64.ActiveCfg = Release|x64
		{8509D838-E22D-4E1F-94B9-10283F6E60BE}.Release|x64.Build.0 = Release|x64
		{8509D838-E22D-4E1F-94B9-10283F6E60BE}.Release|x86.ActiveCfg = Release|Win32
		{8509D838-E22D-4E1F-94B9-10283F6E60BE}.Release|x86.Build.0 = Release|Win32
	EndGlobalSection
	GlobalSection(SolutionProperties) = preSolution
		HideSolutionNode = FALSE
	EndGlobalSection
	GlobalSection(ExtensibilityGlobals) = postSolution
		SolutionGuid = {DCF091DF-E8EB-44B7-BE31-95FEFF460EC1}
	EndGlobalSection
EndGlobal
